{
  "version": 4,
  "terraform_version": "0.12.28",
  "serial": 16,
  "lineage": "7e4fca7e-0883-17e7-c37c-06057ec815c8",
  "outputs": {
    "webserver_public_ip": {
      "value": "18.159.69.243",
      "type": "string"
    }
  },
  "resources": [
    {
      "mode": "data",
      "type": "aws_ami",
      "name": "ubuntu",
      "provider": "provider.aws",
      "instances": [
        {
          "schema_version": 0,
          "attributes": {
            "architecture": "x86_64",
            "arn": "arn:aws:ec2:eu-central-1::image/ami-0c960b947cbb2dd16",
            "block_device_mappings": [
              {
                "device_name": "/dev/sda1",
                "ebs": {
                  "delete_on_termination": "true",
                  "encrypted": "false",
                  "iops": "0",
                  "snapshot_id": "snap-0e55257c35999fffb",
                  "volume_size": "8",
                  "volume_type": "gp2"
                },
                "no_device": "",
                "virtual_name": ""
              },
              {
                "device_name": "/dev/sdb",
                "ebs": {},
                "no_device": "",
                "virtual_name": "ephemeral0"
              },
              {
                "device_name": "/dev/sdc",
                "ebs": {},
                "no_device": "",
                "virtual_name": "ephemeral1"
              }
            ],
            "creation_date": "2020-09-08T00:56:08.000Z",
            "description": "Canonical, Ubuntu, 20.04 LTS, amd64 focal image build on 2020-09-07",
            "executable_users": null,
            "filter": [
              {
                "name": "name",
                "values": [
                  "ubuntu/images/hvm-ssd/ubuntu-focal-20.04-amd64-server-*"
                ]
              },
              {
                "name": "virtualization-type",
                "values": [
                  "hvm"
                ]
              }
            ],
            "hypervisor": "xen",
            "id": "ami-0c960b947cbb2dd16",
            "image_id": "ami-0c960b947cbb2dd16",
            "image_location": "099720109477/ubuntu/images/hvm-ssd/ubuntu-focal-20.04-amd64-server-20200907",
            "image_owner_alias": null,
            "image_type": "machine",
            "kernel_id": null,
            "most_recent": true,
            "name": "ubuntu/images/hvm-ssd/ubuntu-focal-20.04-amd64-server-20200907",
            "name_regex": null,
            "owner_id": "099720109477",
            "owners": [
              "099720109477"
            ],
            "platform": null,
            "product_codes": [],
            "public": true,
            "ramdisk_id": null,
            "root_device_name": "/dev/sda1",
            "root_device_type": "ebs",
            "root_snapshot_id": "snap-0e55257c35999fffb",
            "sriov_net_support": "simple",
            "state": "available",
            "state_reason": {
              "code": "UNSET",
              "message": "UNSET"
            },
            "tags": {},
            "virtualization_type": "hvm"
          }
        }
      ]
    },
    {
      "mode": "managed",
      "type": "aws_eip",
      "name": "webserver",
      "provider": "provider.aws",
      "instances": [
        {
          "schema_version": 0,
          "attributes": {
            "allocation_id": null,
            "associate_with_private_ip": null,
            "association_id": "eipassoc-022d5a7787ff0966d",
            "customer_owned_ip": "",
            "customer_owned_ipv4_pool": "",
            "domain": "vpc",
            "id": "eipalloc-0e9566ba5a1297d48",
            "instance": "i-0e8e2f50495966dac",
            "network_interface": "eni-06861529f8e157135",
            "private_dns": "ip-10-0-1-254.eu-central-1.compute.internal",
            "private_ip": "10.0.1.254",
            "public_dns": "ec2-18-159-69-243.eu-central-1.compute.amazonaws.com",
            "public_ip": "18.159.69.243",
            "public_ipv4_pool": "amazon",
            "tags": null,
            "timeouts": null,
            "vpc": true
          },
          "private": "eyJlMmJmYjczMC1lY2FhLTExZTYtOGY4OC0zNDM2M2JjN2M0YzAiOnsiZGVsZXRlIjoxODAwMDAwMDAwMDAsInJlYWQiOjkwMDAwMDAwMDAwMCwidXBkYXRlIjozMDAwMDAwMDAwMDB9fQ==",
          "dependencies": [
            "aws_instance.webserver",
            "aws_internet_gateway.test_vpc_gateway",
            "aws_key_pair.goran_public_key",
            "aws_security_group.allow_all",
            "aws_subnet.test_subnet"
          ]
        }
      ]
    },
    {
      "mode": "managed",
      "type": "aws_instance",
      "name": "webserver",
      "provider": "provider.aws",
      "instances": [
        {
          "schema_version": 1,
          "attributes": {
            "ami": "ami-0c960b947cbb2dd16",
            "arn": "arn:aws:ec2:eu-central-1:009326428394:instance/i-0e8e2f50495966dac",
            "associate_public_ip_address": false,
            "availability_zone": "eu-central-1a",
            "cpu_core_count": 1,
            "cpu_threads_per_core": 1,
            "credit_specification": [
              {
                "cpu_credits": "standard"
              }
            ],
            "disable_api_termination": false,
            "ebs_block_device": [],
            "ebs_optimized": false,
            "ephemeral_block_device": [],
            "get_password_data": false,
            "hibernation": false,
            "host_id": null,
            "iam_instance_profile": "",
            "id": "i-0e8e2f50495966dac",
            "instance_initiated_shutdown_behavior": null,
            "instance_state": "running",
            "instance_type": "t2.micro",
            "ipv6_address_count": 0,
            "ipv6_addresses": [],
            "key_name": "ec2_ssh_key",
            "metadata_options": [
              {
                "http_endpoint": "enabled",
                "http_put_response_hop_limit": 1,
                "http_tokens": "optional"
              }
            ],
            "monitoring": false,
            "network_interface": [],
            "outpost_arn": "",
            "password_data": "",
            "placement_group": "",
            "primary_network_interface_id": "eni-06861529f8e157135",
            "private_dns": "ip-10-0-1-254.eu-central-1.compute.internal",
            "private_ip": "10.0.1.254",
            "public_dns": "",
            "public_ip": "",
            "root_block_device": [
              {
                "delete_on_termination": true,
                "device_name": "/dev/sda1",
                "encrypted": false,
                "iops": 100,
                "kms_key_id": "",
                "volume_id": "vol-059e402e7319b5ed2",
                "volume_size": 8,
                "volume_type": "gp2"
              }
            ],
            "secondary_private_ips": [],
            "security_groups": [],
            "source_dest_check": true,
            "subnet_id": "subnet-0bd939b073a53c9ab",
            "tags": null,
            "tenancy": "default",
            "timeouts": null,
            "user_data": null,
            "user_data_base64": null,
            "volume_tags": {},
            "vpc_security_group_ids": [
              "sg-0e426d0ab04628621"
            ]
          },
          "private": "eyJlMmJmYjczMC1lY2FhLTExZTYtOGY4OC0zNDM2M2JjN2M0YzAiOnsiY3JlYXRlIjo2MDAwMDAwMDAwMDAsImRlbGV0ZSI6MTIwMDAwMDAwMDAwMCwidXBkYXRlIjo2MDAwMDAwMDAwMDB9LCJzY2hlbWFfdmVyc2lvbiI6IjEifQ==",
          "dependencies": [
            "aws_key_pair.goran_public_key",
            "aws_security_group.allow_all",
            "aws_subnet.test_subnet"
          ]
        }
      ]
    },
    {
      "mode": "managed",
      "type": "aws_internet_gateway",
      "name": "test_vpc_gateway",
      "provider": "provider.aws",
      "instances": [
        {
          "schema_version": 0,
          "attributes": {
            "arn": "arn:aws:ec2:eu-central-1:009326428394:internet-gateway/igw-07af49f5c231e8888",
            "id": "igw-07af49f5c231e8888",
            "owner_id": "009326428394",
            "tags": {},
            "vpc_id": "vpc-0d67be2ec9f85ffbc"
          },
          "private": "bnVsbA==",
          "dependencies": [
            "aws_vpc.test_vpc"
          ]
        }
      ]
    },
    {
      "mode": "managed",
      "type": "aws_key_pair",
      "name": "goran_public_key",
      "provider": "provider.aws",
      "instances": [
        {
          "schema_version": 1,
          "attributes": {
            "arn": "arn:aws:ec2:eu-central-1:009326428394:key-pair/ec2_ssh_key",
            "fingerprint": "cf:54:80:3d:08:5e:7a:cc:5e:bb:87:ea:a0:15:69:45",
            "id": "ec2_ssh_key",
            "key_name": "ec2_ssh_key",
            "key_name_prefix": null,
            "key_pair_id": "key-0cf89351e47860b1f",
            "public_key": "ssh-rsa AAAAB3NzaC1yc2EAAAADAQABAAABgQDDaprsgWYtATbf2NSVVrxCIVqazaAYMipvmDMvG3i/KW2z0fmkSDHL2mRCvayzC2RFpAV7jb/13dcASVJvW8HgrTOSKimq7OpmvM1SjbExKZhioGJ2oLdPr6AidBbaFEr3jj9wDIu8m8V89UGEyhfuMloAV9S1NrDMmrgWURU4RH8t3HE8T19c33/oEIs3+c6WiBqbmmrpy7imakioBJCpOtDYnxB1zE4w1O3lGE9o9y+oitmsdQBHGIoM0j2CRQFaX6Cs7N76cIoqvXxXgYOzGbT2XSyzJu/QnLZUZ8mHaT87W8TKOjiiESwMTUdC27QDPQyD9mJWYbkkYaS2R/m0+WwgZ/8YSHnnXDDg0u4JM9D/SHJ14HDnSarIsmsMZZtk49PXADKq14XnNPJ7OkKS+3BmxdFP3XsTigSKjooMxiDWOC7bpuJbou4tfX6H7y2YXWFIwI+AHKlXDfOfIvoO7B35oyijNiblxkyr3tVNkwI2QCNaVbXRDJZO0w4/1lc= goran.markovic@Gorans-MacBook-Pro.local",
            "tags": null
          },
          "private": "eyJzY2hlbWFfdmVyc2lvbiI6IjEifQ=="
        }
      ]
    },
    {
      "mode": "managed",
      "type": "aws_network_acl",
      "name": "allowall",
      "provider": "provider.aws",
      "instances": [
        {
          "schema_version": 0,
          "attributes": {
            "arn": "arn:aws:ec2:eu-central-1:009326428394:network-acl/acl-088e8c0fb6f75dac9",
            "egress": [
              {
                "action": "allow",
                "cidr_block": "0.0.0.0/0",
                "from_port": 0,
                "icmp_code": 0,
                "icmp_type": 0,
                "ipv6_cidr_block": "",
                "protocol": "-1",
                "rule_no": 200,
                "to_port": 0
              }
            ],
            "id": "acl-088e8c0fb6f75dac9",
            "ingress": [
              {
                "action": "allow",
                "cidr_block": "0.0.0.0/0",
                "from_port": 0,
                "icmp_code": 0,
                "icmp_type": 0,
                "ipv6_cidr_block": "",
                "protocol": "-1",
                "rule_no": 100,
                "to_port": 0
              }
            ],
            "owner_id": "009326428394",
            "subnet_ids": [],
            "tags": {},
            "vpc_id": "vpc-0d67be2ec9f85ffbc"
          },
          "private": "bnVsbA==",
          "dependencies": [
            "aws_vpc.test_vpc"
          ]
        }
      ]
    },
    {
      "mode": "managed",
      "type": "aws_route_table",
      "name": "default_gateway",
      "provider": "provider.aws",
      "instances": [
        {
          "schema_version": 0,
          "attributes": {
            "id": "rtb-028ca77aa1bd17e84",
            "owner_id": "009326428394",
            "propagating_vgws": [],
            "route": [
              {
                "cidr_block": "0.0.0.0/0",
                "egress_only_gateway_id": "",
                "gateway_id": "igw-07af49f5c231e8888",
                "instance_id": "",
                "ipv6_cidr_block": "",
                "local_gateway_id": "",
                "nat_gateway_id": "",
                "network_interface_id": "",
                "transit_gateway_id": "",
                "vpc_peering_connection_id": ""
              }
            ],
            "tags": {},
            "vpc_id": "vpc-0d67be2ec9f85ffbc"
          },
          "private": "bnVsbA==",
          "dependencies": [
            "aws_internet_gateway.test_vpc_gateway",
            "aws_vpc.test_vpc"
          ]
        }
      ]
    },
    {
      "mode": "managed",
      "type": "aws_route_table_association",
      "name": "default_association",
      "provider": "provider.aws",
      "instances": [
        {
          "schema_version": 0,
          "attributes": {
            "gateway_id": null,
            "id": "rtbassoc-03c918ac684159043",
            "route_table_id": "rtb-028ca77aa1bd17e84",
            "subnet_id": "subnet-0bd939b073a53c9ab"
          },
          "private": "bnVsbA==",
          "dependencies": [
            "aws_internet_gateway.test_vpc_gateway",
            "aws_route_table.default_gateway",
            "aws_subnet.test_subnet",
            "aws_vpc.test_vpc"
          ]
        }
      ]
    },
    {
      "mode": "managed",
      "type": "aws_security_group",
      "name": "allow_all",
      "provider": "provider.aws",
      "instances": [
        {
          "schema_version": 1,
          "attributes": {
            "arn": "arn:aws:ec2:eu-central-1:009326428394:security-group/sg-0e426d0ab04628621",
            "description": "Allow all  traffic",
            "egress": [
              {
                "cidr_blocks": [
                  "0.0.0.0/0"
                ],
                "description": "",
                "from_port": 0,
                "ipv6_cidr_blocks": [],
                "prefix_list_ids": [],
                "protocol": "-1",
                "security_groups": [],
                "self": false,
                "to_port": 0
              }
            ],
            "id": "sg-0e426d0ab04628621",
            "ingress": [
              {
                "cidr_blocks": [
                  "0.0.0.0/0"
                ],
                "description": "",
                "from_port": 22,
                "ipv6_cidr_blocks": [],
                "prefix_list_ids": [],
                "protocol": "tcp",
                "security_groups": [],
                "self": false,
                "to_port": 22
              }
            ],
            "name": "allow_all",
            "name_prefix": "",
            "owner_id": "009326428394",
            "revoke_rules_on_delete": false,
            "tags": {},
            "timeouts": null,
            "vpc_id": "vpc-0d67be2ec9f85ffbc"
          },
          "private": "eyJlMmJmYjczMC1lY2FhLTExZTYtOGY4OC0zNDM2M2JjN2M0YzAiOnsiY3JlYXRlIjo2MDAwMDAwMDAwMDAsImRlbGV0ZSI6NjAwMDAwMDAwMDAwfSwic2NoZW1hX3ZlcnNpb24iOiIxIn0=",
          "dependencies": [
            "aws_vpc.test_vpc"
          ]
        }
      ]
    },
    {
      "mode": "managed",
      "type": "aws_subnet",
      "name": "test_subnet",
      "provider": "provider.aws",
      "instances": [
        {
          "schema_version": 1,
          "attributes": {
            "arn": "arn:aws:ec2:eu-central-1:009326428394:subnet/subnet-0bd939b073a53c9ab",
            "assign_ipv6_address_on_creation": false,
            "availability_zone": "eu-central-1a",
            "availability_zone_id": "euc1-az2",
            "cidr_block": "10.0.1.0/24",
            "id": "subnet-0bd939b073a53c9ab",
            "ipv6_cidr_block": "",
            "ipv6_cidr_block_association_id": "",
            "map_public_ip_on_launch": false,
            "outpost_arn": "",
            "owner_id": "009326428394",
            "tags": {},
            "timeouts": null,
            "vpc_id": "vpc-0d67be2ec9f85ffbc"
          },
          "private": "eyJlMmJmYjczMC1lY2FhLTExZTYtOGY4OC0zNDM2M2JjN2M0YzAiOnsiY3JlYXRlIjo2MDAwMDAwMDAwMDAsImRlbGV0ZSI6MTIwMDAwMDAwMDAwMH0sInNjaGVtYV92ZXJzaW9uIjoiMSJ9",
          "dependencies": [
            "aws_vpc.test_vpc"
          ]
        }
      ]
    },
    {
      "mode": "managed",
      "type": "aws_vpc",
      "name": "test_vpc",
      "provider": "provider.aws",
      "instances": [
        {
          "schema_version": 1,
          "attributes": {
            "arn": "arn:aws:ec2:eu-central-1:009326428394:vpc/vpc-0d67be2ec9f85ffbc",
            "assign_generated_ipv6_cidr_block": false,
            "cidr_block": "10.0.0.0/16",
            "default_network_acl_id": "acl-013423806afc66456",
            "default_route_table_id": "rtb-0e8ded29ba79f286c",
            "default_security_group_id": "sg-07510f7e05a7145de",
            "dhcp_options_id": "dopt-ca4ae5a0",
            "enable_classiclink": null,
            "enable_classiclink_dns_support": null,
            "enable_dns_hostnames": false,
            "enable_dns_support": true,
            "id": "vpc-0d67be2ec9f85ffbc",
            "instance_tenancy": "default",
            "ipv6_association_id": "",
            "ipv6_cidr_block": "",
            "main_route_table_id": "rtb-0e8ded29ba79f286c",
            "owner_id": "009326428394",
            "tags": {
              "Name": "test_cidr_block"
            }
          },
          "private": "eyJzY2hlbWFfdmVyc2lvbiI6IjEifQ=="
        }
      ]
    }
  ]
}
